PODS:
  - Audiobus (2.3.1)
  - AudioKit (2.3)
  - Bezzy (1.0.0)
  - Degrad (1.0.0)
  - Lerp (2.0.0)
  - MultitouchGestureRecognizer (1.1.0)
  - Parity (1.0.0)
  - Persistable (1.0.0)
  - ProtonomeAudioKitControls (1.0.0):
    - AudioKit (~> 2.0)
    - Bezzy (~> 1.0)
    - Degrad (~> 1.0)
    - Lerp (~> 2.0)
    - SnapKit (~> 3.0)
  - ProtonomeRoundedViews (1.0.0)
  - SnapKit (3.0.2)

DEPENDENCIES:
  - Audiobus (~> 2.3)
  - AudioKit (from `https://github.com/dclelland/AudioKit/`, branch `howl`)
  - Bezzy (~> 1.0)
  - MultitouchGestureRecognizer (~> 1.1)
  - Parity (~> 1.0)
  - Persistable (~> 1.0)
  - ProtonomeAudioKitControls (~> 1.0)
  - ProtonomeRoundedViews (~> 1.0)
  - SnapKit (~> 3.0)

EXTERNAL SOURCES:
  AudioKit:
    :branch: howl
    :git: https://github.com/dclelland/AudioKit/

CHECKOUT OPTIONS:
  AudioKit:
    :commit: aca9b73755df0beb488439ddd7ef36fe912bcb9c
    :git: https://github.com/dclelland/AudioKit/

SPEC CHECKSUMS:
  Audiobus: d75ef3f0d625abf3007a147548423e76ca61043d
  AudioKit: 393be71739265448039ef268f3582dee82783b0d
  Bezzy: ff253ca2a65f7fe2befda215d5b657cad2fc731b
  Degrad: 5119a3ed5aaab6be286c209386035befd04b2aa5
  Lerp: fe0fd19edf08a7dab2283a3f250f2c840b6a97aa
  MultitouchGestureRecognizer: 59a6a0311ce3f1005f2d3b834cd170ed7b49d495
  Parity: 1a6e22bb3ec32f8bcd3d78e01cc9919062c3bebc
  Persistable: a01ea48283e7f977ad435a32bd7bfafbb415ba58
  ProtonomeAudioKitControls: 61787ec5c47cc605c0c07ccdc5422a908a23aa7a
  ProtonomeRoundedViews: f82b8b2425e466c2469ff509939301d5e688238c
  SnapKit: 2e456761aa92d4d4067a7a5594c18769d451a8ad

PODFILE CHECKSUM: 892100e2f966ca789fc07b88295be432844ab02d

COCOAPODS: 1.1.1
