// !$*UTF8*$!
{
	archiveVersion = 1;
	classes = {
	};
	objectVersion = 46;
	objects = {

/* Begin PBXBuildFile section */
		6500FD6B1C1BD43C00C2254B /* Setting.swift in Sources */ = {isa = PBXBuildFile; fileRef = 6500FD6A1C1BD43C00C2254B /* Setting.swift */; };
		6500FD6D1C1C022900C2254B /* HowlViewController.swift in Sources */ = {isa = PBXBuildFile; fileRef = 6500FD6C1C1C022900C2254B /* HowlViewController.swift */; };
		6500FD761C1C02E500C2254B /* AudioKit+Helpers.swift in Sources */ = {isa = PBXBuildFile; fileRef = 6500FD711C1C02E500C2254B /* AudioKit+Helpers.swift */; };
		650D8BFB1CFBB87600EFD767 /* audiobus.txt in Resources */ = {isa = PBXBuildFile; fileRef = 650D8BFA1CFBB87600EFD767 /* audiobus.txt */; };
		650D8BFE1CFBF67A00EFD767 /* AudioToolbox.framework in Frameworks */ = {isa = PBXBuildFile; fileRef = 650D8BFD1CFBF67A00EFD767 /* AudioToolbox.framework */; };
		650D8C001CFBF71800EFD767 /* HOWL.entitlements in Resources */ = {isa = PBXBuildFile; fileRef = 650D8BFF1CFBF71700EFD767 /* HOWL.entitlements */; };
		6565053C1CEFE567002DC3E2 /* PhonemeboardView.swift in Sources */ = {isa = PBXBuildFile; fileRef = 6565053B1CEFE567002DC3E2 /* PhonemeboardView.swift */; };
		657350F21CEEF44300EC1233 /* Vocoder.swift in Sources */ = {isa = PBXBuildFile; fileRef = 657350F11CEEF44300EC1233 /* Vocoder.swift */; };
		657F0D0D1C0D94F3004B17EF /* SynthesizerViewController.swift in Sources */ = {isa = PBXBuildFile; fileRef = 657F0D0A1C0D94F3004B17EF /* SynthesizerViewController.swift */; };
		657F0D0E1C0D94F3004B17EF /* VocoderViewController.swift in Sources */ = {isa = PBXBuildFile; fileRef = 657F0D0C1C0D94F3004B17EF /* VocoderViewController.swift */; };
		657F0D141C0EFA72004B17EF /* FlipViewController.swift in Sources */ = {isa = PBXBuildFile; fileRef = 657F0D131C0EFA72004B17EF /* FlipViewController.swift */; };
		65800FAE1C09D1BF000410CB /* AppDelegate.swift in Sources */ = {isa = PBXBuildFile; fileRef = 65800F8A1C09D1BF000410CB /* AppDelegate.swift */; };
		65800FB71C09D1BF000410CB /* Audio.swift in Sources */ = {isa = PBXBuildFile; fileRef = 65800F981C09D1BF000410CB /* Audio.swift */; };
		65800FB81C09D1BF000410CB /* Master.swift in Sources */ = {isa = PBXBuildFile; fileRef = 65800F991C09D1BF000410CB /* Master.swift */; };
		65800FB91C09D1BF000410CB /* Synthesizer.swift in Sources */ = {isa = PBXBuildFile; fileRef = 65800F9A1C09D1BF000410CB /* Synthesizer.swift */; };
		65800FBA1C09D1BF000410CB /* SynthesizerNote.swift in Sources */ = {isa = PBXBuildFile; fileRef = 65800F9B1C09D1BF000410CB /* SynthesizerNote.swift */; };
		65800FBC1C09D1BF000410CB /* Settings.swift in Sources */ = {isa = PBXBuildFile; fileRef = 65800F9E1C09D1BF000410CB /* Settings.swift */; };
		65800FBD1C09D1BF000410CB /* Key.swift in Sources */ = {isa = PBXBuildFile; fileRef = 65800FA11C09D1BF000410CB /* Key.swift */; };
		65800FBE1C09D1BF000410CB /* Keyboard.swift in Sources */ = {isa = PBXBuildFile; fileRef = 65800FA21C09D1BF000410CB /* Keyboard.swift */; };
		65800FBF1C09D1BF000410CB /* KeyboardViewCell.swift in Sources */ = {isa = PBXBuildFile; fileRef = 65800FA31C09D1BF000410CB /* KeyboardViewCell.swift */; };
		65800FC01C09D1BF000410CB /* KeyboardViewController.swift in Sources */ = {isa = PBXBuildFile; fileRef = 65800FA41C09D1BF000410CB /* KeyboardViewController.swift */; };
		65800FC11C09D1BF000410CB /* KeyboardViewLayout.swift in Sources */ = {isa = PBXBuildFile; fileRef = 65800FA51C09D1BF000410CB /* KeyboardViewLayout.swift */; };
		65800FC51C09D1BF000410CB /* PhonemeboardViewController.swift in Sources */ = {isa = PBXBuildFile; fileRef = 65800FAA1C09D1BF000410CB /* PhonemeboardViewController.swift */; };
		65A64DD41CF1D6D300D49967 /* Assets.xcassets in Resources */ = {isa = PBXBuildFile; fileRef = 65A64DD31CF1D6D300D49967 /* Assets.xcassets */; };
		65A64DD61CF2DF1900D49967 /* Launch Screen.storyboard in Resources */ = {isa = PBXBuildFile; fileRef = 65A64DD51CF2DF1900D49967 /* Launch Screen.storyboard */; };
		65AD197F1D001B8300CA39D1 /* Audiobus.swift in Sources */ = {isa = PBXBuildFile; fileRef = 65AD197E1D001B8300CA39D1 /* Audiobus.swift */; };
		65C4EC9D1CF198C3000D5B16 /* Pitch.swift in Sources */ = {isa = PBXBuildFile; fileRef = 65C4EC9C1CF198C3000D5B16 /* Pitch.swift */; };
		65F2B76C1C1FCF8E00E2DA15 /* Settings.bundle in Resources */ = {isa = PBXBuildFile; fileRef = 65F2B76A1C1FCF8E00E2DA15 /* Settings.bundle */; };
		65F33B891CD60D10001AB56A /* Main (iPad).storyboard in Resources */ = {isa = PBXBuildFile; fileRef = 65F33B871CD60D10001AB56A /* Main (iPad).storyboard */; };
		65F33B8A1CD60D10001AB56A /* Main (iPhone).storyboard in Resources */ = {isa = PBXBuildFile; fileRef = 65F33B881CD60D10001AB56A /* Main (iPhone).storyboard */; };
		CEC19FE816FAF13F8D05FBB8 /* Pods_HOWL.framework in Frameworks */ = {isa = PBXBuildFile; fileRef = C1AFBCF66E6183BF8BC06AC6 /* Pods_HOWL.framework */; };
/* End PBXBuildFile section */

/* Begin PBXFileReference section */
		0399AACDF06DEB159782399F /* Pods.framework */ = {isa = PBXFileReference; explicitFileType = wrapper.framework; includeInIndex = 0; path = Pods.framework; sourceTree = BUILT_PRODUCTS_DIR; };
		34FB5134D43AFB52B2A8E8B0 /* Pods-HOWL.release.xcconfig */ = {isa = PBXFileReference; includeInIndex = 1; lastKnownFileType = text.xcconfig; name = "Pods-HOWL.release.xcconfig"; path = "Pods/Target Support Files/Pods-HOWL/Pods-HOWL.release.xcconfig"; sourceTree = "<group>"; };
		6500FD6A1C1BD43C00C2254B /* Setting.swift */ = {isa = PBXFileReference; fileEncoding = 4; lastKnownFileType = sourcecode.swift; path = Setting.swift; sourceTree = "<group>"; };
		6500FD6C1C1C022900C2254B /* HowlViewController.swift */ = {isa = PBXFileReference; fileEncoding = 4; lastKnownFileType = sourcecode.swift; path = HowlViewController.swift; sourceTree = "<group>"; };
		6500FD711C1C02E500C2254B /* AudioKit+Helpers.swift */ = {isa = PBXFileReference; fileEncoding = 4; lastKnownFileType = sourcecode.swift; path = "AudioKit+Helpers.swift"; sourceTree = "<group>"; };
		650D8BFA1CFBB87600EFD767 /* audiobus.txt */ = {isa = PBXFileReference; fileEncoding = 4; lastKnownFileType = text; path = audiobus.txt; sourceTree = "<group>"; };
		650D8BFD1CFBF67A00EFD767 /* AudioToolbox.framework */ = {isa = PBXFileReference; lastKnownFileType = wrapper.framework; name = AudioToolbox.framework; path = System/Library/Frameworks/AudioToolbox.framework; sourceTree = SDKROOT; };
		650D8BFF1CFBF71700EFD767 /* HOWL.entitlements */ = {isa = PBXFileReference; fileEncoding = 4; lastKnownFileType = text.xml; path = HOWL.entitlements; sourceTree = "<group>"; };
		656472CF1BF6BD2A00BDEB1B /* HOWL.app */ = {isa = PBXFileReference; explicitFileType = wrapper.application; includeInIndex = 0; path = HOWL.app; sourceTree = BUILT_PRODUCTS_DIR; };
		6565053B1CEFE567002DC3E2 /* PhonemeboardView.swift */ = {isa = PBXFileReference; fileEncoding = 4; lastKnownFileType = sourcecode.swift; path = PhonemeboardView.swift; sourceTree = "<group>"; };
		657350F11CEEF44300EC1233 /* Vocoder.swift */ = {isa = PBXFileReference; fileEncoding = 4; lastKnownFileType = sourcecode.swift; path = Vocoder.swift; sourceTree = "<group>"; };
		657F0D0A1C0D94F3004B17EF /* SynthesizerViewController.swift */ = {isa = PBXFileReference; fileEncoding = 4; lastKnownFileType = sourcecode.swift; path = SynthesizerViewController.swift; sourceTree = "<group>"; };
		657F0D0C1C0D94F3004B17EF /* VocoderViewController.swift */ = {isa = PBXFileReference; fileEncoding = 4; lastKnownFileType = sourcecode.swift; path = VocoderViewController.swift; sourceTree = "<group>"; };
		657F0D131C0EFA72004B17EF /* FlipViewController.swift */ = {isa = PBXFileReference; fileEncoding = 4; lastKnownFileType = sourcecode.swift; path = FlipViewController.swift; sourceTree = "<group>"; };
		65800F8A1C09D1BF000410CB /* AppDelegate.swift */ = {isa = PBXFileReference; fileEncoding = 4; lastKnownFileType = sourcecode.swift; path = AppDelegate.swift; sourceTree = "<group>"; };
		65800F981C09D1BF000410CB /* Audio.swift */ = {isa = PBXFileReference; fileEncoding = 4; lastKnownFileType = sourcecode.swift; path = Audio.swift; sourceTree = "<group>"; };
		65800F991C09D1BF000410CB /* Master.swift */ = {isa = PBXFileReference; fileEncoding = 4; lastKnownFileType = sourcecode.swift; path = Master.swift; sourceTree = "<group>"; };
		65800F9A1C09D1BF000410CB /* Synthesizer.swift */ = {isa = PBXFileReference; fileEncoding = 4; lastKnownFileType = sourcecode.swift; path = Synthesizer.swift; sourceTree = "<group>"; };
		65800F9B1C09D1BF000410CB /* SynthesizerNote.swift */ = {isa = PBXFileReference; fileEncoding = 4; lastKnownFileType = sourcecode.swift; path = SynthesizerNote.swift; sourceTree = "<group>"; };
		65800F9E1C09D1BF000410CB /* Settings.swift */ = {isa = PBXFileReference; fileEncoding = 4; lastKnownFileType = sourcecode.swift; path = Settings.swift; sourceTree = "<group>"; };
		65800FA11C09D1BF000410CB /* Key.swift */ = {isa = PBXFileReference; fileEncoding = 4; lastKnownFileType = sourcecode.swift; path = Key.swift; sourceTree = "<group>"; };
		65800FA21C09D1BF000410CB /* Keyboard.swift */ = {isa = PBXFileReference; fileEncoding = 4; lastKnownFileType = sourcecode.swift; path = Keyboard.swift; sourceTree = "<group>"; };
		65800FA31C09D1BF000410CB /* KeyboardViewCell.swift */ = {isa = PBXFileReference; fileEncoding = 4; lastKnownFileType = sourcecode.swift; path = KeyboardViewCell.swift; sourceTree = "<group>"; };
		65800FA41C09D1BF000410CB /* KeyboardViewController.swift */ = {isa = PBXFileReference; fileEncoding = 4; lastKnownFileType = sourcecode.swift; path = KeyboardViewController.swift; sourceTree = "<group>"; };
		65800FA51C09D1BF000410CB /* KeyboardViewLayout.swift */ = {isa = PBXFileReference; fileEncoding = 4; lastKnownFileType = sourcecode.swift; path = KeyboardViewLayout.swift; sourceTree = "<group>"; };
		65800FAA1C09D1BF000410CB /* PhonemeboardViewController.swift */ = {isa = PBXFileReference; fileEncoding = 4; lastKnownFileType = sourcecode.swift; path = PhonemeboardViewController.swift; sourceTree = "<group>"; };
		65A64DD31CF1D6D300D49967 /* Assets.xcassets */ = {isa = PBXFileReference; lastKnownFileType = folder.assetcatalog; name = Assets.xcassets; path = HOWL/Resources/Assets.xcassets; sourceTree = SOURCE_ROOT; };
		65A64DD51CF2DF1900D49967 /* Launch Screen.storyboard */ = {isa = PBXFileReference; fileEncoding = 4; lastKnownFileType = file.storyboard; path = "Launch Screen.storyboard"; sourceTree = "<group>"; };
		65AD197E1D001B8300CA39D1 /* Audiobus.swift */ = {isa = PBXFileReference; fileEncoding = 4; lastKnownFileType = sourcecode.swift; path = Audiobus.swift; sourceTree = "<group>"; };
		65C4EC9C1CF198C3000D5B16 /* Pitch.swift */ = {isa = PBXFileReference; fileEncoding = 4; lastKnownFileType = sourcecode.swift; path = Pitch.swift; sourceTree = "<group>"; };
		65D7E3701C0027CF009D6994 /* README.md */ = {isa = PBXFileReference; fileEncoding = 4; lastKnownFileType = net.daringfireball.markdown; path = README.md; sourceTree = "<group>"; };
		65F2B7651C1FCF8000E2DA15 /* HOWL-Bridging-Header.h */ = {isa = PBXFileReference; fileEncoding = 4; lastKnownFileType = sourcecode.c.h; path = "HOWL-Bridging-Header.h"; sourceTree = "<group>"; };
		65F2B7661C1FCF8000E2DA15 /* Info.plist */ = {isa = PBXFileReference; fileEncoding = 4; lastKnownFileType = text.plist.xml; path = Info.plist; sourceTree = "<group>"; };
		65F2B76A1C1FCF8E00E2DA15 /* Settings.bundle */ = {isa = PBXFileReference; lastKnownFileType = "wrapper.plug-in"; path = Settings.bundle; sourceTree = "<group>"; };
		65F33B871CD60D10001AB56A /* Main (iPad).storyboard */ = {isa = PBXFileReference; fileEncoding = 4; lastKnownFileType = file.storyboard; path = "Main (iPad).storyboard"; sourceTree = "<group>"; };
		65F33B881CD60D10001AB56A /* Main (iPhone).storyboard */ = {isa = PBXFileReference; fileEncoding = 4; lastKnownFileType = file.storyboard; path = "Main (iPhone).storyboard"; sourceTree = "<group>"; };
		C1AFBCF66E6183BF8BC06AC6 /* Pods_HOWL.framework */ = {isa = PBXFileReference; explicitFileType = wrapper.framework; includeInIndex = 0; path = Pods_HOWL.framework; sourceTree = BUILT_PRODUCTS_DIR; };
		E371F0B32845076190182EBE /* Pods-HOWL.debug.xcconfig */ = {isa = PBXFileReference; includeInIndex = 1; lastKnownFileType = text.xcconfig; name = "Pods-HOWL.debug.xcconfig"; path = "Pods/Target Support Files/Pods-HOWL/Pods-HOWL.debug.xcconfig"; sourceTree = "<group>"; };
/* End PBXFileReference section */

/* Begin PBXFrameworksBuildPhase section */
		656472CC1BF6BD2A00BDEB1B /* Frameworks */ = {
			isa = PBXFrameworksBuildPhase;
			buildActionMask = 2147483647;
			files = (
				CEC19FE816FAF13F8D05FBB8 /* Pods_HOWL.framework in Frameworks */,
				650D8BFE1CFBF67A00EFD767 /* AudioToolbox.framework in Frameworks */,
			);
			runOnlyForDeploymentPostprocessing = 0;
		};
/* End PBXFrameworksBuildPhase section */

/* Begin PBXGroup section */
		6500FD701C1C02E500C2254B /* Extensions */ = {
			isa = PBXGroup;
			children = (
				6500FD711C1C02E500C2254B /* AudioKit+Helpers.swift */,
			);
			path = Extensions;
			sourceTree = "<group>";
		};
		656472C61BF6BD2A00BDEB1B = {
			isa = PBXGroup;
			children = (
				65D7E3701C0027CF009D6994 /* README.md */,
				65800F891C09D1BF000410CB /* HOWL */,
				656472D01BF6BD2A00BDEB1B /* Products */,
				7FCEBDA14A75CF18C40FFE38 /* Frameworks */,
				E69CA0911FBDB6074761A3F7 /* Pods */,
			);
			sourceTree = "<group>";
		};
		656472D01BF6BD2A00BDEB1B /* Products */ = {
			isa = PBXGroup;
			children = (
				656472CF1BF6BD2A00BDEB1B /* HOWL.app */,
			);
			name = Products;
			sourceTree = "<group>";
		};
		657F0D091C0D94F3004B17EF /* Synthesizer */ = {
			isa = PBXGroup;
			children = (
				657F0D0A1C0D94F3004B17EF /* SynthesizerViewController.swift */,
			);
			path = Synthesizer;
			sourceTree = "<group>";
		};
		657F0D0B1C0D94F3004B17EF /* Vocoder */ = {
			isa = PBXGroup;
			children = (
				657F0D0C1C0D94F3004B17EF /* VocoderViewController.swift */,
			);
			path = Vocoder;
			sourceTree = "<group>";
		};
		65800F891C09D1BF000410CB /* HOWL */ = {
			isa = PBXGroup;
			children = (
				65800F8A1C09D1BF000410CB /* AppDelegate.swift */,
				65F33B881CD60D10001AB56A /* Main (iPhone).storyboard */,
				65F33B871CD60D10001AB56A /* Main (iPad).storyboard */,
				65A64DD51CF2DF1900D49967 /* Launch Screen.storyboard */,
				65800F9F1C09D1BF000410CB /* View Controllers */,
				65800F961C09D1BF000410CB /* Models */,
				6500FD701C1C02E500C2254B /* Extensions */,
				65F2B7681C1FCF8E00E2DA15 /* Resources */,
				65F2B7641C1FCF8000E2DA15 /* Supporting Files */,
			);
			path = HOWL;
			sourceTree = "<group>";
		};
		65800F961C09D1BF000410CB /* Models */ = {
			isa = PBXGroup;
			children = (
				65800F971C09D1BF000410CB /* Audio */,
				65AD197D1D001B7700CA39D1 /* Audiobus */,
				65800F9D1C09D1BF000410CB /* Settings */,
			);
			path = Models;
			sourceTree = "<group>";
		};
		65800F971C09D1BF000410CB /* Audio */ = {
			isa = PBXGroup;
			children = (
				65800F981C09D1BF000410CB /* Audio.swift */,
				65800F9A1C09D1BF000410CB /* Synthesizer.swift */,
				65800F9B1C09D1BF000410CB /* SynthesizerNote.swift */,
				657350F11CEEF44300EC1233 /* Vocoder.swift */,
				65800F991C09D1BF000410CB /* Master.swift */,
			);
			path = Audio;
			sourceTree = "<group>";
		};
		65800F9D1C09D1BF000410CB /* Settings */ = {
			isa = PBXGroup;
			children = (
				65800F9E1C09D1BF000410CB /* Settings.swift */,
				6500FD6A1C1BD43C00C2254B /* Setting.swift */,
			);
			path = Settings;
			sourceTree = "<group>";
		};
		65800F9F1C09D1BF000410CB /* View Controllers */ = {
			isa = PBXGroup;
			children = (
				6500FD6C1C1C022900C2254B /* HowlViewController.swift */,
				657F0D131C0EFA72004B17EF /* FlipViewController.swift */,
				657F0D0B1C0D94F3004B17EF /* Vocoder */,
				65800FA61C09D1BF000410CB /* Phonemeboard */,
				657F0D091C0D94F3004B17EF /* Synthesizer */,
				65800FA01C09D1BF000410CB /* Keyboard */,
			);
			path = "View Controllers";
			sourceTree = "<group>";
		};
		65800FA01C09D1BF000410CB /* Keyboard */ = {
			isa = PBXGroup;
			children = (
				65800FA41C09D1BF000410CB /* KeyboardViewController.swift */,
				65800FA51C09D1BF000410CB /* KeyboardViewLayout.swift */,
				65800FA31C09D1BF000410CB /* KeyboardViewCell.swift */,
				65800FA21C09D1BF000410CB /* Keyboard.swift */,
				65800FA11C09D1BF000410CB /* Key.swift */,
				65C4EC9C1CF198C3000D5B16 /* Pitch.swift */,
			);
			path = Keyboard;
			sourceTree = "<group>";
		};
		65800FA61C09D1BF000410CB /* Phonemeboard */ = {
			isa = PBXGroup;
			children = (
				65800FAA1C09D1BF000410CB /* PhonemeboardViewController.swift */,
				6565053B1CEFE567002DC3E2 /* PhonemeboardView.swift */,
			);
			path = Phonemeboard;
			sourceTree = "<group>";
		};
		65AD197D1D001B7700CA39D1 /* Audiobus */ = {
			isa = PBXGroup;
			children = (
				65AD197E1D001B8300CA39D1 /* Audiobus.swift */,
			);
			name = Audiobus;
			sourceTree = "<group>";
		};
		65F2B7641C1FCF8000E2DA15 /* Supporting Files */ = {
			isa = PBXGroup;
			children = (
				650D8BFF1CFBF71700EFD767 /* HOWL.entitlements */,
				65A64DD31CF1D6D300D49967 /* Assets.xcassets */,
				650D8BFA1CFBB87600EFD767 /* audiobus.txt */,
				65F2B7651C1FCF8000E2DA15 /* HOWL-Bridging-Header.h */,
				65F2B7661C1FCF8000E2DA15 /* Info.plist */,
			);
			path = "Supporting Files";
			sourceTree = "<group>";
		};
		65F2B7681C1FCF8E00E2DA15 /* Resources */ = {
			isa = PBXGroup;
			children = (
				65F2B76A1C1FCF8E00E2DA15 /* Settings.bundle */,
			);
			path = Resources;
			sourceTree = "<group>";
		};
		7FCEBDA14A75CF18C40FFE38 /* Frameworks */ = {
			isa = PBXGroup;
			children = (
				650D8BFD1CFBF67A00EFD767 /* AudioToolbox.framework */,
				0399AACDF06DEB159782399F /* Pods.framework */,
				C1AFBCF66E6183BF8BC06AC6 /* Pods_HOWL.framework */,
			);
			name = Frameworks;
			sourceTree = "<group>";
		};
		E69CA0911FBDB6074761A3F7 /* Pods */ = {
			isa = PBXGroup;
			children = (
				E371F0B32845076190182EBE /* Pods-HOWL.debug.xcconfig */,
				34FB5134D43AFB52B2A8E8B0 /* Pods-HOWL.release.xcconfig */,
			);
			name = Pods;
			sourceTree = "<group>";
		};
/* End PBXGroup section */

/* Begin PBXNativeTarget section */
		656472CE1BF6BD2A00BDEB1B /* HOWL */ = {
			isa = PBXNativeTarget;
			buildConfigurationList = 656472E11BF6BD2A00BDEB1B /* Build configuration list for PBXNativeTarget "HOWL" */;
			buildPhases = (
				7E3E3CBF89E0AFC9D60F2BD0 /* 📦 Check Pods Manifest.lock */,
				656472CB1BF6BD2A00BDEB1B /* Sources */,
				656472CC1BF6BD2A00BDEB1B /* Frameworks */,
				656472CD1BF6BD2A00BDEB1B /* Resources */,
				3E29D09746412FA617D2AE1A /* 📦 Embed Pods Frameworks */,
				8A9AF99CBBCAF14B881828E0 /* 📦 Copy Pods Resources */,
			);
			buildRules = (
			);
			dependencies = (
			);
			name = HOWL;
			productName = HOWL;
			productReference = 656472CF1BF6BD2A00BDEB1B /* HOWL.app */;
			productType = "com.apple.product-type.application";
		};
/* End PBXNativeTarget section */

/* Begin PBXProject section */
		656472C71BF6BD2A00BDEB1B /* Project object */ = {
			isa = PBXProject;
			attributes = {
				LastSwiftUpdateCheck = 0700;
				LastUpgradeCheck = 0700;
				ORGANIZATIONNAME = "Daniel Clelland";
				TargetAttributes = {
					656472CE1BF6BD2A00BDEB1B = {
						CreatedOnToolsVersion = 7.0;
						DevelopmentTeam = SP382Y6YUY;
						SystemCapabilities = {
							com.apple.BackgroundModes = {
								enabled = 1;
							};
							com.apple.InterAppAudio = {
								enabled = 1;
							};
						};
					};
				};
			};
			buildConfigurationList = 656472CA1BF6BD2A00BDEB1B /* Build configuration list for PBXProject "HOWL" */;
			compatibilityVersion = "Xcode 3.2";
			developmentRegion = English;
			hasScannedForEncodings = 0;
			knownRegions = (
				en,
				Base,
			);
			mainGroup = 656472C61BF6BD2A00BDEB1B;
			productRefGroup = 656472D01BF6BD2A00BDEB1B /* Products */;
			projectDirPath = "";
			projectRoot = "";
			targets = (
				656472CE1BF6BD2A00BDEB1B /* HOWL */,
			);
		};
/* End PBXProject section */

/* Begin PBXResourcesBuildPhase section */
		656472CD1BF6BD2A00BDEB1B /* Resources */ = {
			isa = PBXResourcesBuildPhase;
			buildActionMask = 2147483647;
			files = (
				65F33B8A1CD60D10001AB56A /* Main (iPhone).storyboard in Resources */,
				65F2B76C1C1FCF8E00E2DA15 /* Settings.bundle in Resources */,
				650D8BFB1CFBB87600EFD767 /* audiobus.txt in Resources */,
				650D8C001CFBF71800EFD767 /* HOWL.entitlements in Resources */,
				65F33B891CD60D10001AB56A /* Main (iPad).storyboard in Resources */,
				65A64DD61CF2DF1900D49967 /* Launch Screen.storyboard in Resources */,
				65A64DD41CF1D6D300D49967 /* Assets.xcassets in Resources */,
			);
			runOnlyForDeploymentPostprocessing = 0;
		};
/* End PBXResourcesBuildPhase section */

/* Begin PBXShellScriptBuildPhase section */
		3E29D09746412FA617D2AE1A /* 📦 Embed Pods Frameworks */ = {
			isa = PBXShellScriptBuildPhase;
			buildActionMask = 2147483647;
			files = (
			);
			inputPaths = (
			);
			name = "📦 Embed Pods Frameworks";
			outputPaths = (
			);
			runOnlyForDeploymentPostprocessing = 0;
			shellPath = /bin/sh;
			shellScript = "\"${SRCROOT}/Pods/Target Support Files/Pods-HOWL/Pods-HOWL-frameworks.sh\"\n";
			showEnvVarsInLog = 0;
		};
		7E3E3CBF89E0AFC9D60F2BD0 /* 📦 Check Pods Manifest.lock */ = {
			isa = PBXShellScriptBuildPhase;
			buildActionMask = 2147483647;
			files = (
			);
			inputPaths = (
			);
			name = "📦 Check Pods Manifest.lock";
			outputPaths = (
			);
			runOnlyForDeploymentPostprocessing = 0;
			shellPath = /bin/sh;
			shellScript = "diff \"${PODS_ROOT}/../Podfile.lock\" \"${PODS_ROOT}/Manifest.lock\" > /dev/null\nif [[ $? != 0 ]] ; then\n    cat << EOM\nerror: The sandbox is not in sync with the Podfile.lock. Run 'pod install' or update your CocoaPods installation.\nEOM\n    exit 1\nfi\n";
			showEnvVarsInLog = 0;
		};
		8A9AF99CBBCAF14B881828E0 /* 📦 Copy Pods Resources */ = {
			isa = PBXShellScriptBuildPhase;
			buildActionMask = 2147483647;
			files = (
			);
			inputPaths = (
			);
			name = "📦 Copy Pods Resources";
			outputPaths = (
			);
			runOnlyForDeploymentPostprocessing = 0;
			shellPath = /bin/sh;
			shellScript = "\"${SRCROOT}/Pods/Target Support Files/Pods-HOWL/Pods-HOWL-resources.sh\"\n";
			showEnvVarsInLog = 0;
		};
/* End PBXShellScriptBuildPhase section */

/* Begin PBXSourcesBuildPhase section */
		656472CB1BF6BD2A00BDEB1B /* Sources */ = {
			isa = PBXSourcesBuildPhase;
			buildActionMask = 2147483647;
			files = (
				657F0D0D1C0D94F3004B17EF /* SynthesizerViewController.swift in Sources */,
				657350F21CEEF44300EC1233 /* Vocoder.swift in Sources */,
				65800FBA1C09D1BF000410CB /* SynthesizerNote.swift in Sources */,
				657F0D141C0EFA72004B17EF /* FlipViewController.swift in Sources */,
				65800FC11C09D1BF000410CB /* KeyboardViewLayout.swift in Sources */,
				65800FBE1C09D1BF000410CB /* Keyboard.swift in Sources */,
				65800FBD1C09D1BF000410CB /* Key.swift in Sources */,
				65800FBF1C09D1BF000410CB /* KeyboardViewCell.swift in Sources */,
				65800FAE1C09D1BF000410CB /* AppDelegate.swift in Sources */,
				65800FC01C09D1BF000410CB /* KeyboardViewController.swift in Sources */,
				65800FB91C09D1BF000410CB /* Synthesizer.swift in Sources */,
				65800FBC1C09D1BF000410CB /* Settings.swift in Sources */,
				6500FD761C1C02E500C2254B /* AudioKit+Helpers.swift in Sources */,
				6500FD6B1C1BD43C00C2254B /* Setting.swift in Sources */,
				6565053C1CEFE567002DC3E2 /* PhonemeboardView.swift in Sources */,
				65C4EC9D1CF198C3000D5B16 /* Pitch.swift in Sources */,
				65800FB81C09D1BF000410CB /* Master.swift in Sources */,
				6500FD6D1C1C022900C2254B /* HowlViewController.swift in Sources */,
				657F0D0E1C0D94F3004B17EF /* VocoderViewController.swift in Sources */,
				65AD197F1D001B8300CA39D1 /* Audiobus.swift in Sources */,
				65800FB71C09D1BF000410CB /* Audio.swift in Sources */,
				65800FC51C09D1BF000410CB /* PhonemeboardViewController.swift in Sources */,
			);
			runOnlyForDeploymentPostprocessing = 0;
		};
/* End PBXSourcesBuildPhase section */

/* Begin XCBuildConfiguration section */
		656472DF1BF6BD2A00BDEB1B /* Debug */ = {
			isa = XCBuildConfiguration;
			buildSettings = {
				ALWAYS_SEARCH_USER_PATHS = NO;
				CLANG_CXX_LANGUAGE_STANDARD = "gnu++0x";
				CLANG_CXX_LIBRARY = "libc++";
				CLANG_ENABLE_MODULES = YES;
				CLANG_ENABLE_OBJC_ARC = YES;
				CLANG_WARN_BOOL_CONVERSION = YES;
				CLANG_WARN_CONSTANT_CONVERSION = YES;
				CLANG_WARN_DIRECT_OBJC_ISA_USAGE = YES_ERROR;
				CLANG_WARN_EMPTY_BODY = YES;
				CLANG_WARN_ENUM_CONVERSION = YES;
				CLANG_WARN_INT_CONVERSION = YES;
				CLANG_WARN_OBJC_ROOT_CLASS = YES_ERROR;
				CLANG_WARN_UNREACHABLE_CODE = YES;
				CLANG_WARN__DUPLICATE_METHOD_MATCH = YES;
				"CODE_SIGN_IDENTITY[sdk=iphoneos*]" = "iPhone Developer";
				COPY_PHASE_STRIP = NO;
				DEBUG_INFORMATION_FORMAT = dwarf;
				ENABLE_STRICT_OBJC_MSGSEND = YES;
				ENABLE_TESTABILITY = YES;
				GCC_C_LANGUAGE_STANDARD = gnu99;
				GCC_DYNAMIC_NO_PIC = NO;
				GCC_NO_COMMON_BLOCKS = YES;
				GCC_OPTIMIZATION_LEVEL = 0;
				GCC_PREPROCESSOR_DEFINITIONS = (
					"DEBUG=1",
					"$(inherited)",
				);
				GCC_WARN_64_TO_32_BIT_CONVERSION = YES;
				GCC_WARN_ABOUT_RETURN_TYPE = YES_ERROR;
				GCC_WARN_UNDECLARED_SELECTOR = YES;
				GCC_WARN_UNINITIALIZED_AUTOS = YES_AGGRESSIVE;
				GCC_WARN_UNUSED_FUNCTION = YES;
				GCC_WARN_UNUSED_VARIABLE = YES;
				IPHONEOS_DEPLOYMENT_TARGET = 9.0;
				MTL_ENABLE_DEBUG_INFO = YES;
				ONLY_ACTIVE_ARCH = YES;
				SDKROOT = iphoneos;
				SWIFT_OPTIMIZATION_LEVEL = "-Onone";
				TARGETED_DEVICE_FAMILY = "1,2";
			};
			name = Debug;
		};
		656472E01BF6BD2A00BDEB1B /* Release */ = {
			isa = XCBuildConfiguration;
			buildSettings = {
				ALWAYS_SEARCH_USER_PATHS = NO;
				CLANG_CXX_LANGUAGE_STANDARD = "gnu++0x";
				CLANG_CXX_LIBRARY = "libc++";
				CLANG_ENABLE_MODULES = YES;
				CLANG_ENABLE_OBJC_ARC = YES;
				CLANG_WARN_BOOL_CONVERSION = YES;
				CLANG_WARN_CONSTANT_CONVERSION = YES;
				CLANG_WARN_DIRECT_OBJC_ISA_USAGE = YES_ERROR;
				CLANG_WARN_EMPTY_BODY = YES;
				CLANG_WARN_ENUM_CONVERSION = YES;
				CLANG_WARN_INT_CONVERSION = YES;
				CLANG_WARN_OBJC_ROOT_CLASS = YES_ERROR;
				CLANG_WARN_UNREACHABLE_CODE = YES;
				CLANG_WARN__DUPLICATE_METHOD_MATCH = YES;
				"CODE_SIGN_IDENTITY[sdk=iphoneos*]" = "iPhone Developer";
				COPY_PHASE_STRIP = NO;
				DEBUG_INFORMATION_FORMAT = "dwarf-with-dsym";
				ENABLE_NS_ASSERTIONS = NO;
				ENABLE_STRICT_OBJC_MSGSEND = YES;
				GCC_C_LANGUAGE_STANDARD = gnu99;
				GCC_NO_COMMON_BLOCKS = YES;
				GCC_WARN_64_TO_32_BIT_CONVERSION = YES;
				GCC_WARN_ABOUT_RETURN_TYPE = YES_ERROR;
				GCC_WARN_UNDECLARED_SELECTOR = YES;
				GCC_WARN_UNINITIALIZED_AUTOS = YES_AGGRESSIVE;
				GCC_WARN_UNUSED_FUNCTION = YES;
				GCC_WARN_UNUSED_VARIABLE = YES;
				IPHONEOS_DEPLOYMENT_TARGET = 9.0;
				MTL_ENABLE_DEBUG_INFO = NO;
				SDKROOT = iphoneos;
				TARGETED_DEVICE_FAMILY = "1,2";
				VALIDATE_PRODUCT = YES;
			};
			name = Release;
		};
		656472E21BF6BD2A00BDEB1B /* Debug */ = {
			isa = XCBuildConfiguration;
			baseConfigurationReference = E371F0B32845076190182EBE /* Pods-HOWL.debug.xcconfig */;
			buildSettings = {
				ASSETCATALOG_COMPILER_APPICON_NAME = "App Icon";
				CLANG_ENABLE_MODULES = YES;
				CODE_SIGN_ENTITLEMENTS = "HOWL/Supporting Files/HOWL.entitlements";
				INFOPLIST_FILE = "HOWL/Supporting Files/Info.plist";
				IPHONEOS_DEPLOYMENT_TARGET = 8.1;
				LD_RUNPATH_SEARCH_PATHS = "$(inherited) @executable_path/Frameworks";
				PRODUCT_BUNDLE_IDENTIFIER = com.protonome.HOWL;
				PRODUCT_NAME = HOWL;
				SWIFT_OBJC_BRIDGING_HEADER = "HOWL/Supporting Files/HOWL-Bridging-Header.h";
				SWIFT_OPTIMIZATION_LEVEL = "-Onone";
				TARGETED_DEVICE_FAMILY = "1,2";
			};
			name = Debug;
		};
		656472E31BF6BD2A00BDEB1B /* Release */ = {
			isa = XCBuildConfiguration;
			baseConfigurationReference = 34FB5134D43AFB52B2A8E8B0 /* Pods-HOWL.release.xcconfig */;
			buildSettings = {
				ASSETCATALOG_COMPILER_APPICON_NAME = "App Icon";
				CLANG_ENABLE_MODULES = YES;
				CODE_SIGN_ENTITLEMENTS = "HOWL/Supporting Files/HOWL.entitlements";
				INFOPLIST_FILE = "HOWL/Supporting Files/Info.plist";
				IPHONEOS_DEPLOYMENT_TARGET = 8.1;
				LD_RUNPATH_SEARCH_PATHS = "$(inherited) @executable_path/Frameworks";
				PRODUCT_BUNDLE_IDENTIFIER = com.protonome.HOWL;
				PRODUCT_NAME = HOWL;
				SWIFT_OBJC_BRIDGING_HEADER = "HOWL/Supporting Files/HOWL-Bridging-Header.h";
				TARGETED_DEVICE_FAMILY = "1,2";
			};
			name = Release;
		};
/* End XCBuildConfiguration section */

/* Begin XCConfigurationList section */
		656472CA1BF6BD2A00BDEB1B /* Build configuration list for PBXProject "HOWL" */ = {
			isa = XCConfigurationList;
			buildConfigurations = (
				656472DF1BF6BD2A00BDEB1B /* Debug */,
				656472E01BF6BD2A00BDEB1B /* Release */,
			);
			defaultConfigurationIsVisible = 0;
			defaultConfigurationName = Release;
		};
		656472E11BF6BD2A00BDEB1B /* Build configuration list for PBXNativeTarget "HOWL" */ = {
			isa = XCConfigurationList;
			buildConfigurations = (
				656472E21BF6BD2A00BDEB1B /* Debug */,
				656472E31BF6BD2A00BDEB1B /* Release */,
			);
			defaultConfigurationIsVisible = 0;
			defaultConfigurationName = Release;
		};
/* End XCConfigurationList section */
	};
	rootObject = 656472C71BF6BD2A00BDEB1B /* Project object */;
}
